
Microsoft Visual Studio Solution File, Format Version 12.00
# Visual Studio Version 17
VisualStudioVersion = 17.5.002.0
MinimumVisualStudioVersion = 10.0.40219.1
Project("{9A19103F-16F7-4668-BE54-9A1E7A4F7556}") = "Day01", "Day01\Day01.csproj", "{BDFD1E07-C034-401A-918D-EE6ECCE48172}"
EndProject
Global
	GlobalSection(SolutionConfigurationPlatforms) = preSolution
		Debug|Any CPU = Debug|Any CPU
		Release|Any CPU = Release|Any CPU
	EndGlobalSection
	GlobalSection(ProjectConfigurationPlatforms) = postSolution
		{BDFD1E07-C034-401A-918D-EE6ECCE48172}.Debug|Any CPU.ActiveCfg = Debug|Any CPU
		{BDFD1E07-C034-401A-918D-EE6ECCE48172}.Debug|Any CPU.Build.0 = Debug|Any CPU
		{BDFD1E07-C034-401A-918D-EE6ECCE48172}.Release|Any CPU.ActiveCfg = Release|Any CPU
		{BDFD1E07-C034-401A-918D-EE6ECCE48172}.Release|Any CPU.Build.0 = Release|Any CPU
	EndGlobalSection
	GlobalSection(SolutionProperties) = preSolution
		HideSolutionNode = FALSE
	EndGlobalSection
	GlobalSection(ExtensibilityGlobals) = postSolution
		SolutionGuid = {7A73A389-F368-4990-BD64-A5C2CFD3B5AE}
	EndGlobalSection
EndGlobal
